
Microsoft Visual Studio Solution File, Format Version 12.00
# Visual Studio Version 17
VisualStudioVersion = 17.1.31911.260
MinimumVisualStudioVersion = 10.0.40219.1
Project("{2150E333-8FDC-42A3-9474-1A3956D46DE8}") = "Solution Items", "Solution Items", "{9A3A7F70-F9F4-431C-9067-C7E7FA01F1CF}"
	ProjectSection(SolutionItems) = preProject
		.github\workflows\build.yml = .github\workflows\build.yml
		readme.md = readme.md
		version.json = version.json
		src\Directory.build.props = src\Directory.build.props
		src\Directory.build.targets = src\Directory.build.targets
		src\global.json = src\global.json
		src\nuget.png = src\nuget.png
		src\nuget.txt = src\nuget.txt
		src\readme.md = src\readme.md
	EndProjectSection
EndProject
Project("{FAE04EC0-301F-11D3-BF4B-00C04F79EFBC}") = "Shiny.Logging.Firebase", "src\Shiny.Logging.Firebase\Shiny.Logging.Firebase.csproj", "{FE9AAF17-9C57-4600-A3EB-2D6026DE4145}"
EndProject
Project("{FAE04EC0-301F-11D3-BF4B-00C04F79EFBC}") = "Shiny.Push.FirebaseMessaging", "src\Shiny.Push.FirebaseMessaging\Shiny.Push.FirebaseMessaging.csproj", "{578FBA46-40DD-464B-AEE3-3DC2989F3E5A}"
EndProject
Global
	GlobalSection(SolutionConfigurationPlatforms) = preSolution
		Debug|Any CPU = Debug|Any CPU
		Debug|ARM = Debug|ARM
		Debug|iPhone = Debug|iPhone
		Debug|iPhoneSimulator = Debug|iPhoneSimulator
		Debug|x64 = Debug|x64
		Debug|x86 = Debug|x86
		Release|Any CPU = Release|Any CPU
		Release|ARM = Release|ARM
		Release|iPhone = Release|iPhone
		Release|iPhoneSimulator = Release|iPhoneSimulator
		Release|x64 = Release|x64
		Release|x86 = Release|x86
	EndGlobalSection
	GlobalSection(ProjectConfigurationPlatforms) = postSolution
		{FE9AAF17-9C57-4600-A3EB-2D6026DE4145}.Debug|Any CPU.ActiveCfg = Debug|Any CPU
		{FE9AAF17-9C57-4600-A3EB-2D6026DE4145}.Debug|Any CPU.Build.0 = Debug|Any CPU
		{FE9AAF17-9C57-4600-A3EB-2D6026DE4145}.Debug|ARM.ActiveCfg = Debug|Any CPU
		{FE9AAF17-9C57-4600-A3EB-2D6026DE4145}.Debug|ARM.Build.0 = Debug|Any CPU
		{FE9AAF17-9C57-4600-A3EB-2D6026DE4145}.Debug|iPhone.ActiveCfg = Debug|Any CPU
		{FE9AAF17-9C57-4600-A3EB-2D6026DE4145}.Debug|iPhone.Build.0 = Debug|Any CPU
		{FE9AAF17-9C57-4600-A3EB-2D6026DE4145}.Debug|iPhoneSimulator.ActiveCfg = Debug|Any CPU
		{FE9AAF17-9C57-4600-A3EB-2D6026DE4145}.Debug|iPhoneSimulator.Build.0 = Debug|Any CPU
		{FE9AAF17-9C57-4600-A3EB-2D6026DE4145}.Debug|x64.ActiveCfg = Debug|Any CPU
		{FE9AAF17-9C57-4600-A3EB-2D6026DE4145}.Debug|x64.Build.0 = Debug|Any CPU
		{FE9AAF17-9C57-4600-A3EB-2D6026DE4145}.Debug|x86.ActiveCfg = Debug|Any CPU
		{FE9AAF17-9C57-4600-A3EB-2D6026DE4145}.Debug|x86.Build.0 = Debug|Any CPU
		{FE9AAF17-9C57-4600-A3EB-2D6026DE4145}.Release|Any CPU.ActiveCfg = Release|Any CPU
		{FE9AAF17-9C57-4600-A3EB-2D6026DE4145}.Release|Any CPU.Build.0 = Release|Any CPU
		{FE9AAF17-9C57-4600-A3EB-2D6026DE4145}.Release|ARM.ActiveCfg = Release|Any CPU
		{FE9AAF17-9C57-4600-A3EB-2D6026DE4145}.Release|ARM.Build.0 = Release|Any CPU
		{FE9AAF17-9C57-4600-A3EB-2D6026DE4145}.Release|iPhone.ActiveCfg = Release|Any CPU
		{FE9AAF17-9C57-4600-A3EB-2D6026DE4145}.Release|iPhone.Build.0 = Release|Any CPU
		{FE9AAF17-9C57-4600-A3EB-2D6026DE4145}.Release|iPhoneSimulator.ActiveCfg = Release|Any CPU
		{FE9AAF17-9C57-4600-A3EB-2D6026DE4145}.Release|iPhoneSimulator.Build.0 = Release|Any CPU
		{FE9AAF17-9C57-4600-A3EB-2D6026DE4145}.Release|x64.ActiveCfg = Release|Any CPU
		{FE9AAF17-9C57-4600-A3EB-2D6026DE4145}.Release|x64.Build.0 = Release|Any CPU
		{FE9AAF17-9C57-4600-A3EB-2D6026DE4145}.Release|x86.ActiveCfg = Release|Any CPU
		{FE9AAF17-9C57-4600-A3EB-2D6026DE4145}.Release|x86.Build.0 = Release|Any CPU
		{578FBA46-40DD-464B-AEE3-3DC2989F3E5A}.Debug|Any CPU.ActiveCfg = Debug|Any CPU
		{578FBA46-40DD-464B-AEE3-3DC2989F3E5A}.Debug|Any CPU.Build.0 = Debug|Any CPU
		{578FBA46-40DD-464B-AEE3-3DC2989F3E5A}.Debug|ARM.ActiveCfg = Debug|Any CPU
		{578FBA46-40DD-464B-AEE3-3DC2989F3E5A}.Debug|ARM.Build.0 = Debug|Any CPU
		{578FBA46-40DD-464B-AEE3-3DC2989F3E5A}.Debug|iPhone.ActiveCfg = Debug|Any CPU
		{578FBA46-40DD-464B-AEE3-3DC2989F3E5A}.Debug|iPhone.Build.0 = Debug|Any CPU
		{578FBA46-40DD-464B-AEE3-3DC2989F3E5A}.Debug|iPhoneSimulator.ActiveCfg = Debug|Any CPU
		{578FBA46-40DD-464B-AEE3-3DC2989F3E5A}.Debug|iPhoneSimulator.Build.0 = Debug|Any CPU
		{578FBA46-40DD-464B-AEE3-3DC2989F3E5A}.Debug|x64.ActiveCfg = Debug|Any CPU
		{578FBA46-40DD-464B-AEE3-3DC2989F3E5A}.Debug|x64.Build.0 = Debug|Any CPU
		{578FBA46-40DD-464B-AEE3-3DC2989F3E5A}.Debug|x86.ActiveCfg = Debug|Any CPU
		{578FBA46-40DD-464B-AEE3-3DC2989F3E5A}.Debug|x86.Build.0 = Debug|Any CPU
		{578FBA46-40DD-464B-AEE3-3DC2989F3E5A}.Release|Any CPU.ActiveCfg = Release|Any CPU
		{578FBA46-40DD-464B-AEE3-3DC2989F3E5A}.Release|Any CPU.Build.0 = Release|Any CPU
		{578FBA46-40DD-464B-AEE3-3DC2989F3E5A}.Release|ARM.ActiveCfg = Release|Any CPU
		{578FBA46-40DD-464B-AEE3-3DC2989F3E5A}.Release|ARM.Build.0 = Release|Any CPU
		{578FBA46-40DD-464B-AEE3-3DC2989F3E5A}.Release|iPhone.ActiveCfg = Release|Any CPU
		{578FBA46-40DD-464B-AEE3-3DC2989F3E5A}.Release|iPhone.Build.0 = Release|Any CPU
		{578FBA46-40DD-464B-AEE3-3DC2989F3E5A}.Release|iPhoneSimulator.ActiveCfg = Release|Any CPU
		{578FBA46-40DD-464B-AEE3-3DC2989F3E5A}.Release|iPhoneSimulator.Build.0 = Release|Any CPU
		{578FBA46-40DD-464B-AEE3-3DC2989F3E5A}.Release|x64.ActiveCfg = Release|Any CPU
		{578FBA46-40DD-464B-AEE3-3DC2989F3E5A}.Release|x64.Build.0 = Release|Any CPU
		{578FBA46-40DD-464B-AEE3-3DC2989F3E5A}.Release|x86.ActiveCfg = Release|Any CPU
		{578FBA46-40DD-464B-AEE3-3DC2989F3E5A}.Release|x86.Build.0 = Release|Any CPU
	EndGlobalSection
	GlobalSection(SolutionProperties) = preSolution
		HideSolutionNode = FALSE
	EndGlobalSection
	GlobalSection(NestedProjects) = preSolution
	EndGlobalSection
	GlobalSection(ExtensibilityGlobals) = postSolution
		SolutionGuid = {A538D64A-5BFD-4865-A48D-DF3D69419B83}
	EndGlobalSection
EndGlobal
