<Solution>
  <Folder Name="/Solution/">
    <File Path=".github\workflows\build.yml" />
    <File Path=".github\workflows\sync-skills.yml" />
    <File Path="Directory.build.props" />
    <File Path="Directory.build.targets" />
    <File Path="LICENSE.md" />
    <File Path="nuget.png" />
    <File Path="nuget.txt" />
    <File Path="skills\shiny-firebase\SKILL.md" />
    <File Path="version.json" />
    <File Path="firebase_ios\Firebase-ios.targets" />
    <File Path="readme.md" />
  </Folder>
  <Project Path="Shiny.Firebase.Analytics.iOS.Binding\Shiny.Firebase.Analytics.iOS.Binding.csproj" />
  <Project Path="Shiny.Firebase.Messaging.iOS.Binding\Shiny.Firebase.Messaging.iOS.Binding.csproj" />
  <Project Path="Shiny.Push.FirebaseMessaging\Shiny.Push.FirebaseMessaging.csproj" />
</Solution>